
Microsoft Visual Studio Solution File, Format Version 12.00
# Visual Studio Version 16
VisualStudioVersion = 16.0.34729.46
MinimumVisualStudioVersion = 10.0.40219.1
Project("{FAE04EC0-301F-11D3-BF4B-00C04F79EFBC}") = "2_14fi_WPF_Cukraszda", "2_14fi_WPF_Cukraszda\2_14fi_WPF_Cukraszda.csproj", "{54FE14F0-EA17-4C49-B32B-6F2E6F10E6EF}"
EndProject
Global
	GlobalSection(SolutionConfigurationPlatforms) = preSolution
		Debug|Any CPU = Debug|Any CPU
		Release|Any CPU = Release|Any CPU
	EndGlobalSection
	GlobalSection(ProjectConfigurationPlatforms) = postSolution
		{54FE14F0-EA17-4C49-B32B-6F2E6F10E6EF}.Debug|Any CPU.ActiveCfg = Debug|Any CPU
		{54FE14F0-EA17-4C49-B32B-6F2E6F10E6EF}.Debug|Any CPU.Build.0 = Debug|Any CPU
		{54FE14F0-EA17-4C49-B32B-6F2E6F10E6EF}.Release|Any CPU.ActiveCfg = Release|Any CPU
		{54FE14F0-EA17-4C49-B32B-6F2E6F10E6EF}.Release|Any CPU.Build.0 = Release|Any CPU
	EndGlobalSection
	GlobalSection(SolutionProperties) = preSolution
		HideSolutionNode = FALSE
	EndGlobalSection
	GlobalSection(ExtensibilityGlobals) = postSolution
		SolutionGuid = {BD5A724E-026D-4C6C-B3D2-1059478A87BC}
	EndGlobalSection
EndGlobal
